
Microsoft Visual Studio Solution File, Format Version 12.00
# Visual Studio Version 16
VisualStudioVersion = 16.0.31025.194
MinimumVisualStudioVersion = 10.0.40219.1
Project("{9A19103F-16F7-4668-BE54-9A1E7A4F7556}") = "JpvView", "JpvView\JpvView.csproj", "{0090556A-F97B-4435-AB5A-BDD54B80C2E4}"
EndProject
Global
	GlobalSection(SolutionConfigurationPlatforms) = preSolution
		Debug|Any CPU = Debug|Any CPU
		Release|Any CPU = Release|Any CPU
	EndGlobalSection
	GlobalSection(ProjectConfigurationPlatforms) = postSolution
		{0090556A-F97B-4435-AB5A-BDD54B80C2E4}.Debug|Any CPU.ActiveCfg = Debug|Any CPU
		{0090556A-F97B-4435-AB5A-BDD54B80C2E4}.Debug|Any CPU.Build.0 = Debug|Any CPU
		{0090556A-F97B-4435-AB5A-BDD54B80C2E4}.Release|Any CPU.ActiveCfg = Release|Any CPU
		{0090556A-F97B-4435-AB5A-BDD54B80C2E4}.Release|Any CPU.Build.0 = Release|Any CPU
	EndGlobalSection
	GlobalSection(SolutionProperties) = preSolution
		HideSolutionNode = FALSE
	EndGlobalSection
	GlobalSection(ExtensibilityGlobals) = postSolution
		SolutionGuid = {D5583D0B-E8A1-485A-944E-EB98B552B90D}
	EndGlobalSection
EndGlobal
